// !$*UTF8*$!
{
	archiveVersion = 1;
	classes = {
	};
	objectVersion = 56;
	objects = {

/* Begin PBXBuildFile section */
		2965C33C29659D060061AEA1 /* InstagramCloneSwiftUIApp.swift in Sources */ = {isa = PBXBuildFile; fileRef = 2965C33B29659D060061AEA1 /* InstagramCloneSwiftUIApp.swift */; };
		2965C33E29659D060061AEA1 /* ContentView.swift in Sources */ = {isa = PBXBuildFile; fileRef = 2965C33D29659D060061AEA1 /* ContentView.swift */; };
		2965C34029659D070061AEA1 /* Assets.xcassets in Resources */ = {isa = PBXBuildFile; fileRef = 2965C33F29659D070061AEA1 /* Assets.xcassets */; };
		2965C34329659D070061AEA1 /* Preview Assets.xcassets in Resources */ = {isa = PBXBuildFile; fileRef = 2965C34229659D070061AEA1 /* Preview Assets.xcassets */; };
		2965C35C2965A0670061AEA1 /* MainTabView.swift in Sources */ = {isa = PBXBuildFile; fileRef = 2965C35B2965A0670061AEA1 /* MainTabView.swift */; };
		2965C35E2965A0710061AEA1 /* FeedView.swift in Sources */ = {isa = PBXBuildFile; fileRef = 2965C35D2965A0710061AEA1 /* FeedView.swift */; };
		2965C3602965A0A30061AEA1 /* SearchView.swift in Sources */ = {isa = PBXBuildFile; fileRef = 2965C35F2965A0A30061AEA1 /* SearchView.swift */; };
		2965C3622965A0BD0061AEA1 /* NotificationsView.swift in Sources */ = {isa = PBXBuildFile; fileRef = 2965C3612965A0BD0061AEA1 /* NotificationsView.swift */; };
		2965C3642965A0D30061AEA1 /* ProfileView.swift in Sources */ = {isa = PBXBuildFile; fileRef = 2965C3632965A0D30061AEA1 /* ProfileView.swift */; };
		2965C3672965A0FE0061AEA1 /* UploadPostView.swift in Sources */ = {isa = PBXBuildFile; fileRef = 2965C3662965A0FE0061AEA1 /* UploadPostView.swift */; };
		2965C3692965A68F0061AEA1 /* FeedCell.swift in Sources */ = {isa = PBXBuildFile; fileRef = 2965C3682965A68F0061AEA1 /* FeedCell.swift */; };
		2977720F299F687F00A6802B /* LoginView.swift in Sources */ = {isa = PBXBuildFile; fileRef = 2977720E299F687F00A6802B /* LoginView.swift */; };
		29777211299F689000A6802B /* RegistrationView.swift in Sources */ = {isa = PBXBuildFile; fileRef = 29777210299F689000A6802B /* RegistrationView.swift */; };
		29777213299F689F00A6802B /* ResetPasswordView.swift in Sources */ = {isa = PBXBuildFile; fileRef = 29777212299F689F00A6802B /* ResetPasswordView.swift */; };
		29777215299F708700A6802B /* CustomTextfield.swift in Sources */ = {isa = PBXBuildFile; fileRef = 29777214299F708700A6802B /* CustomTextfield.swift */; };
		29777217299F709F00A6802B /* CustomSecureField.swift in Sources */ = {isa = PBXBuildFile; fileRef = 29777216299F709F00A6802B /* CustomSecureField.swift */; };
		29777225299F909E00A6802B /* Kingfisher in Frameworks */ = {isa = PBXBuildFile; productRef = 29777224299F909E00A6802B /* Kingfisher */; };
		29777227299F918C00A6802B /* GoogleService-Info.plist in Resources */ = {isa = PBXBuildFile; fileRef = 29777226299F918C00A6802B /* GoogleService-Info.plist */; };
		29777229299FBBAC00A6802B /* AuthViewModel.swift in Sources */ = {isa = PBXBuildFile; fileRef = 29777228299FBBAC00A6802B /* AuthViewModel.swift */; };
		2980239F29B0F75700DC0611 /* Constants.swift in Sources */ = {isa = PBXBuildFile; fileRef = 2980239E29B0F75700DC0611 /* Constants.swift */; };
		298023A129B0F9E900DC0611 /* User.swift in Sources */ = {isa = PBXBuildFile; fileRef = 298023A029B0F9E900DC0611 /* User.swift */; };
		298023A429B0FD2700DC0611 /* FirebaseAuth in Frameworks */ = {isa = PBXBuildFile; productRef = 298023A329B0FD2700DC0611 /* FirebaseAuth */; };
		298023A629B0FD2700DC0611 /* FirebaseFirestore in Frameworks */ = {isa = PBXBuildFile; productRef = 298023A529B0FD2700DC0611 /* FirebaseFirestore */; };
		298023A829B0FD2700DC0611 /* FirebaseFirestoreSwift in Frameworks */ = {isa = PBXBuildFile; productRef = 298023A729B0FD2700DC0611 /* FirebaseFirestoreSwift */; };
		298023AA29B0FD2700DC0611 /* FirebaseFunctions in Frameworks */ = {isa = PBXBuildFile; productRef = 298023A929B0FD2700DC0611 /* FirebaseFunctions */; };
		298023AC29B0FD2700DC0611 /* FirebaseMessaging in Frameworks */ = {isa = PBXBuildFile; productRef = 298023AB29B0FD2700DC0611 /* FirebaseMessaging */; };
		298023AE29B0FD2700DC0611 /* FirebaseStorage in Frameworks */ = {isa = PBXBuildFile; productRef = 298023AD29B0FD2700DC0611 /* FirebaseStorage */; };
		298A4DD929B76F4A009E455D /* CustomInputView.swift in Sources */ = {isa = PBXBuildFile; fileRef = 298A4DD829B76F4A009E455D /* CustomInputView.swift */; };
		298A4DDD29B7915B009E455D /* Notification.swift in Sources */ = {isa = PBXBuildFile; fileRef = 298A4DDC29B7915B009E455D /* Notification.swift */; };
		298B00B229B7105A00B84F84 /* TextAreaView.swift in Sources */ = {isa = PBXBuildFile; fileRef = 298B00B129B7105A00B84F84 /* TextAreaView.swift */; };
		298B00B429B7191D00B84F84 /* Post.swift in Sources */ = {isa = PBXBuildFile; fileRef = 298B00B329B7191D00B84F84 /* Post.swift */; };
		298B00B629B719DD00B84F84 /* FeedViewModel.swift in Sources */ = {isa = PBXBuildFile; fileRef = 298B00B529B719DD00B84F84 /* FeedViewModel.swift */; };
		298B00B829B725FE00B84F84 /* PostGridViewModel.swift in Sources */ = {isa = PBXBuildFile; fileRef = 298B00B729B725FE00B84F84 /* PostGridViewModel.swift */; };
		298B00BA29B7312400B84F84 /* FeedCellViewModel.swift in Sources */ = {isa = PBXBuildFile; fileRef = 298B00B929B7312400B84F84 /* FeedCellViewModel.swift */; };
		298B00BC29B74D4D00B84F84 /* Comment.swift in Sources */ = {isa = PBXBuildFile; fileRef = 298B00BB29B74D4D00B84F84 /* Comment.swift */; };
		298B00BE29B74D6700B84F84 /* CommentsView.swift in Sources */ = {isa = PBXBuildFile; fileRef = 298B00BD29B74D6700B84F84 /* CommentsView.swift */; };
		298B00C029B74D7300B84F84 /* CommentCell.swift in Sources */ = {isa = PBXBuildFile; fileRef = 298B00BF29B74D7300B84F84 /* CommentCell.swift */; };
		298B00C229B74D8500B84F84 /* CommentViewModel.swift in Sources */ = {isa = PBXBuildFile; fileRef = 298B00C129B74D8500B84F84 /* CommentViewModel.swift */; };
		298D875B29B337F1003D1D53 /* ProfileViewModel.swift in Sources */ = {isa = PBXBuildFile; fileRef = 298D875A29B337F1003D1D53 /* ProfileViewModel.swift */; };
		299EB35329B1ECFF0075CA6C /* SearchViewModel.swift in Sources */ = {isa = PBXBuildFile; fileRef = 299EB35229B1ECFF0075CA6C /* SearchViewModel.swift */; };
		29B38366297ADFB30012FA5F /* SearchBar.swift in Sources */ = {isa = PBXBuildFile; fileRef = 29B38365297ADFB30012FA5F /* SearchBar.swift */; };
		29B38368297AE3A20012FA5F /* PostGridView.swift in Sources */ = {isa = PBXBuildFile; fileRef = 29B38367297AE3A20012FA5F /* PostGridView.swift */; };
		29B3836A297AE6960012FA5F /* UserCell.swift in Sources */ = {isa = PBXBuildFile; fileRef = 29B38369297AE6960012FA5F /* UserCell.swift */; };
		29B3836C297AE6AA0012FA5F /* UserListView.swift in Sources */ = {isa = PBXBuildFile; fileRef = 29B3836B297AE6AA0012FA5F /* UserListView.swift */; };
		29B3836E297AF0B40012FA5F /* Extensions.swift in Sources */ = {isa = PBXBuildFile; fileRef = 29B3836D297AF0B40012FA5F /* Extensions.swift */; };
		29BC5736297BD0D800E110B5 /* NotificationCell.swift in Sources */ = {isa = PBXBuildFile; fileRef = 29BC5735297BD0D800E110B5 /* NotificationCell.swift */; };
		29BC5738297BD6E600E110B5 /* ProfileHeaderView.swift in Sources */ = {isa = PBXBuildFile; fileRef = 29BC5737297BD6E600E110B5 /* ProfileHeaderView.swift */; };
		29BC573A297BDDDC00E110B5 /* UserStatView.swift in Sources */ = {isa = PBXBuildFile; fileRef = 29BC5739297BDDDC00E110B5 /* UserStatView.swift */; };
		29BC573C297BE57C00E110B5 /* ProfileActionButtonView.swift in Sources */ = {isa = PBXBuildFile; fileRef = 29BC573B297BE57C00E110B5 /* ProfileActionButtonView.swift */; };
		29E7A17B29B5EE4900439B25 /* UserService.swift in Sources */ = {isa = PBXBuildFile; fileRef = 29E7A17A29B5EE4900439B25 /* UserService.swift */; };
		29E7A17D29B6304C00439B25 /* UploadPostViewModel.swift in Sources */ = {isa = PBXBuildFile; fileRef = 29E7A17C29B6304C00439B25 /* UploadPostViewModel.swift */; };
		29F0534E29A0B73D009DE640 /* ImageUploaderAPI.swift in Sources */ = {isa = PBXBuildFile; fileRef = 29F0534D29A0B73D009DE640 /* ImageUploaderAPI.swift */; };
		29FAF30B2985720600774B0C /* ImagePicker.swift in Sources */ = {isa = PBXBuildFile; fileRef = 29FAF30A2985720600774B0C /* ImagePicker.swift */; };
/* End PBXBuildFile section */

/* Begin PBXFileReference section */
		2965C33829659D060061AEA1 /* InstagramCloneSwiftUI.app */ = {isa = PBXFileReference; explicitFileType = wrapper.application; includeInIndex = 0; path = InstagramCloneSwiftUI.app; sourceTree = BUILT_PRODUCTS_DIR; };
		2965C33B29659D060061AEA1 /* InstagramCloneSwiftUIApp.swift */ = {isa = PBXFileReference; lastKnownFileType = sourcecode.swift; path = InstagramCloneSwiftUIApp.swift; sourceTree = "<group>"; };
		2965C33D29659D060061AEA1 /* ContentView.swift */ = {isa = PBXFileReference; lastKnownFileType = sourcecode.swift; path = ContentView.swift; sourceTree = "<group>"; };
		2965C33F29659D070061AEA1 /* Assets.xcassets */ = {isa = PBXFileReference; lastKnownFileType = folder.assetcatalog; path = Assets.xcassets; sourceTree = "<group>"; };
		2965C34229659D070061AEA1 /* Preview Assets.xcassets */ = {isa = PBXFileReference; lastKnownFileType = folder.assetcatalog; path = "Preview Assets.xcassets"; sourceTree = "<group>"; };
		2965C35B2965A0670061AEA1 /* MainTabView.swift */ = {isa = PBXFileReference; lastKnownFileType = sourcecode.swift; path = MainTabView.swift; sourceTree = "<group>"; };
		2965C35D2965A0710061AEA1 /* FeedView.swift */ = {isa = PBXFileReference; lastKnownFileType = sourcecode.swift; path = FeedView.swift; sourceTree = "<group>"; };
		2965C35F2965A0A30061AEA1 /* SearchView.swift */ = {isa = PBXFileReference; lastKnownFileType = sourcecode.swift; path = SearchView.swift; sourceTree = "<group>"; };
		2965C3612965A0BD0061AEA1 /* NotificationsView.swift */ = {isa = PBXFileReference; lastKnownFileType = sourcecode.swift; path = NotificationsView.swift; sourceTree = "<group>"; };
		2965C3632965A0D30061AEA1 /* ProfileView.swift */ = {isa = PBXFileReference; lastKnownFileType = sourcecode.swift; path = ProfileView.swift; sourceTree = "<group>"; };
		2965C3662965A0FE0061AEA1 /* UploadPostView.swift */ = {isa = PBXFileReference; lastKnownFileType = sourcecode.swift; path = UploadPostView.swift; sourceTree = "<group>"; };
		2965C3682965A68F0061AEA1 /* FeedCell.swift */ = {isa = PBXFileReference; lastKnownFileType = sourcecode.swift; path = FeedCell.swift; sourceTree = "<group>"; };
		2977720E299F687F00A6802B /* LoginView.swift */ = {isa = PBXFileReference; lastKnownFileType = sourcecode.swift; path = LoginView.swift; sourceTree = "<group>"; };
		29777210299F689000A6802B /* RegistrationView.swift */ = {isa = PBXFileReference; lastKnownFileType = sourcecode.swift; path = RegistrationView.swift; sourceTree = "<group>"; };
		29777212299F689F00A6802B /* ResetPasswordView.swift */ = {isa = PBXFileReference; lastKnownFileType = sourcecode.swift; path = ResetPasswordView.swift; sourceTree = "<group>"; };
		29777214299F708700A6802B /* CustomTextfield.swift */ = {isa = PBXFileReference; lastKnownFileType = sourcecode.swift; path = CustomTextfield.swift; sourceTree = "<group>"; };
		29777216299F709F00A6802B /* CustomSecureField.swift */ = {isa = PBXFileReference; lastKnownFileType = sourcecode.swift; path = CustomSecureField.swift; sourceTree = "<group>"; };
		29777226299F918C00A6802B /* GoogleService-Info.plist */ = {isa = PBXFileReference; fileEncoding = 4; lastKnownFileType = text.plist.xml; path = "GoogleService-Info.plist"; sourceTree = "<group>"; };
		29777228299FBBAC00A6802B /* AuthViewModel.swift */ = {isa = PBXFileReference; lastKnownFileType = sourcecode.swift; path = AuthViewModel.swift; sourceTree = "<group>"; };
		2980239E29B0F75700DC0611 /* Constants.swift */ = {isa = PBXFileReference; lastKnownFileType = sourcecode.swift; path = Constants.swift; sourceTree = "<group>"; };
		298023A029B0F9E900DC0611 /* User.swift */ = {isa = PBXFileReference; lastKnownFileType = sourcecode.swift; path = User.swift; sourceTree = "<group>"; };
		298A4DD829B76F4A009E455D /* CustomInputView.swift */ = {isa = PBXFileReference; lastKnownFileType = sourcecode.swift; path = CustomInputView.swift; sourceTree = "<group>"; };
		298A4DDC29B7915B009E455D /* Notification.swift */ = {isa = PBXFileReference; lastKnownFileType = sourcecode.swift; path = Notification.swift; sourceTree = "<group>"; };
		298B00B129B7105A00B84F84 /* TextAreaView.swift */ = {isa = PBXFileReference; lastKnownFileType = sourcecode.swift; path = TextAreaView.swift; sourceTree = "<group>"; };
		298B00B329B7191D00B84F84 /* Post.swift */ = {isa = PBXFileReference; lastKnownFileType = sourcecode.swift; path = Post.swift; sourceTree = "<group>"; };
		298B00B529B719DD00B84F84 /* FeedViewModel.swift */ = {isa = PBXFileReference; lastKnownFileType = sourcecode.swift; path = FeedViewModel.swift; sourceTree = "<group>"; };
		298B00B729B725FE00B84F84 /* PostGridViewModel.swift */ = {isa = PBXFileReference; lastKnownFileType = sourcecode.swift; path = PostGridViewModel.swift; sourceTree = "<group>"; };
		298B00B929B7312400B84F84 /* FeedCellViewModel.swift */ = {isa = PBXFileReference; lastKnownFileType = sourcecode.swift; path = FeedCellViewModel.swift; sourceTree = "<group>"; };
		298B00BB29B74D4D00B84F84 /* Comment.swift */ = {isa = PBXFileReference; lastKnownFileType = sourcecode.swift; path = Comment.swift; sourceTree = "<group>"; };
		298B00BD29B74D6700B84F84 /* CommentsView.swift */ = {isa = PBXFileReference; lastKnownFileType = sourcecode.swift; path = CommentsView.swift; sourceTree = "<group>"; };
		298B00BF29B74D7300B84F84 /* CommentCell.swift */ = {isa = PBXFileReference; lastKnownFileType = sourcecode.swift; path = CommentCell.swift; sourceTree = "<group>"; };
		298B00C129B74D8500B84F84 /* CommentViewModel.swift */ = {isa = PBXFileReference; lastKnownFileType = sourcecode.swift; path = CommentViewModel.swift; sourceTree = "<group>"; };
		298D875A29B337F1003D1D53 /* ProfileViewModel.swift */ = {isa = PBXFileReference; lastKnownFileType = sourcecode.swift; path = ProfileViewModel.swift; sourceTree = "<group>"; };
		299EB35229B1ECFF0075CA6C /* SearchViewModel.swift */ = {isa = PBXFileReference; lastKnownFileType = sourcecode.swift; path = SearchViewModel.swift; sourceTree = "<group>"; };
		29B38365297ADFB30012FA5F /* SearchBar.swift */ = {isa = PBXFileReference; lastKnownFileType = sourcecode.swift; path = SearchBar.swift; sourceTree = "<group>"; };
		29B38367297AE3A20012FA5F /* PostGridView.swift */ = {isa = PBXFileReference; lastKnownFileType = sourcecode.swift; path = PostGridView.swift; sourceTree = "<group>"; };
		29B38369297AE6960012FA5F /* UserCell.swift */ = {isa = PBXFileReference; lastKnownFileType = sourcecode.swift; path = UserCell.swift; sourceTree = "<group>"; };
		29B3836B297AE6AA0012FA5F /* UserListView.swift */ = {isa = PBXFileReference; lastKnownFileType = sourcecode.swift; path = UserListView.swift; sourceTree = "<group>"; };
		29B3836D297AF0B40012FA5F /* Extensions.swift */ = {isa = PBXFileReference; lastKnownFileType = sourcecode.swift; path = Extensions.swift; sourceTree = "<group>"; };
		29BC5735297BD0D800E110B5 /* NotificationCell.swift */ = {isa = PBXFileReference; lastKnownFileType = sourcecode.swift; path = NotificationCell.swift; sourceTree = "<group>"; };
		29BC5737297BD6E600E110B5 /* ProfileHeaderView.swift */ = {isa = PBXFileReference; lastKnownFileType = sourcecode.swift; path = ProfileHeaderView.swift; sourceTree = "<group>"; };
		29BC5739297BDDDC00E110B5 /* UserStatView.swift */ = {isa = PBXFileReference; lastKnownFileType = sourcecode.swift; path = UserStatView.swift; sourceTree = "<group>"; };
		29BC573B297BE57C00E110B5 /* ProfileActionButtonView.swift */ = {isa = PBXFileReference; lastKnownFileType = sourcecode.swift; path = ProfileActionButtonView.swift; sourceTree = "<group>"; };
		29E7A17A29B5EE4900439B25 /* UserService.swift */ = {isa = PBXFileReference; lastKnownFileType = sourcecode.swift; path = UserService.swift; sourceTree = "<group>"; };
		29E7A17C29B6304C00439B25 /* UploadPostViewModel.swift */ = {isa = PBXFileReference; lastKnownFileType = sourcecode.swift; path = UploadPostViewModel.swift; sourceTree = "<group>"; };
		29F0534D29A0B73D009DE640 /* ImageUploaderAPI.swift */ = {isa = PBXFileReference; lastKnownFileType = sourcecode.swift; path = ImageUploaderAPI.swift; sourceTree = "<group>"; };
		29FAF30A2985720600774B0C /* ImagePicker.swift */ = {isa = PBXFileReference; lastKnownFileType = sourcecode.swift; path = ImagePicker.swift; sourceTree = "<group>"; };
/* End PBXFileReference section */

/* Begin PBXFrameworksBuildPhase section */
		2965C33529659D060061AEA1 /* Frameworks */ = {
			isa = PBXFrameworksBuildPhase;
			buildActionMask = 2147483647;
			files = (
				298023AC29B0FD2700DC0611 /* FirebaseMessaging in Frameworks */,
				29777225299F909E00A6802B /* Kingfisher in Frameworks */,
				298023A429B0FD2700DC0611 /* FirebaseAuth in Frameworks */,
				298023AA29B0FD2700DC0611 /* FirebaseFunctions in Frameworks */,
				298023AE29B0FD2700DC0611 /* FirebaseStorage in Frameworks */,
				298023A629B0FD2700DC0611 /* FirebaseFirestore in Frameworks */,
				298023A829B0FD2700DC0611 /* FirebaseFirestoreSwift in Frameworks */,
			);
			runOnlyForDeploymentPostprocessing = 0;
		};
/* End PBXFrameworksBuildPhase section */

/* Begin PBXGroup section */
		2965C32F29659D060061AEA1 = {
			isa = PBXGroup;
			children = (
				2965C33A29659D060061AEA1 /* InstagramCloneSwiftUI */,
				2965C33929659D060061AEA1 /* Products */,
			);
			sourceTree = "<group>";
		};
		2965C33929659D060061AEA1 /* Products */ = {
			isa = PBXGroup;
			children = (
				2965C33829659D060061AEA1 /* InstagramCloneSwiftUI.app */,
			);
			name = Products;
			sourceTree = "<group>";
		};
		2965C33A29659D060061AEA1 /* InstagramCloneSwiftUI */ = {
			isa = PBXGroup;
			children = (
				2965C34D29659DDB0061AEA1 /* Model */,
				2965C34C29659DD90061AEA1 /* View */,
				2965C34B29659DD70061AEA1 /* ViewModel */,
				2965C34A29659DD60061AEA1 /* API */,
				2965C34929659DD40061AEA1 /* Utils */,
				2965C33B29659D060061AEA1 /* InstagramCloneSwiftUIApp.swift */,
				29777226299F918C00A6802B /* GoogleService-Info.plist */,
				2965C33F29659D070061AEA1 /* Assets.xcassets */,
				2965C34129659D070061AEA1 /* Preview Content */,
			);
			path = InstagramCloneSwiftUI;
			sourceTree = "<group>";
		};
		2965C34129659D070061AEA1 /* Preview Content */ = {
			isa = PBXGroup;
			children = (
				2965C34229659D070061AEA1 /* Preview Assets.xcassets */,
			);
			path = "Preview Content";
			sourceTree = "<group>";
		};
		2965C34929659DD40061AEA1 /* Utils */ = {
			isa = PBXGroup;
			children = (
				29B3836D297AF0B40012FA5F /* Extensions.swift */,
				29FAF30A2985720600774B0C /* ImagePicker.swift */,
				29777214299F708700A6802B /* CustomTextfield.swift */,
				29777216299F709F00A6802B /* CustomSecureField.swift */,
				2980239E29B0F75700DC0611 /* Constants.swift */,
				298B00B129B7105A00B84F84 /* TextAreaView.swift */,
			);
			path = Utils;
			sourceTree = "<group>";
		};
		2965C34A29659DD60061AEA1 /* API */ = {
			isa = PBXGroup;
			children = (
				29F0534D29A0B73D009DE640 /* ImageUploaderAPI.swift */,
				29E7A17A29B5EE4900439B25 /* UserService.swift */,
			);
			path = API;
			sourceTree = "<group>";
		};
		2965C34B29659DD70061AEA1 /* ViewModel */ = {
			isa = PBXGroup;
			children = (
				2965C35A29659F840061AEA1 /* Profile */,
				2965C35929659F790061AEA1 /* Authentification */,
				2965C35829659F710061AEA1 /* Notifications */,
				2965C35729659F690061AEA1 /* Feed */,
				299EB35229B1ECFF0075CA6C /* SearchViewModel.swift */,
				29E7A17C29B6304C00439B25 /* UploadPostViewModel.swift */,
				298B00B729B725FE00B84F84 /* PostGridViewModel.swift */,
				298B00C129B74D8500B84F84 /* CommentViewModel.swift */,
			);
			path = ViewModel;
			sourceTree = "<group>";
		};
		2965C34C29659DD90061AEA1 /* View */ = {
			isa = PBXGroup;
			children = (
				2965C34E29659E5E0061AEA1 /* Main */,
				2965C35629659F060061AEA1 /* IItems */,
				2965C35529659EC20061AEA1 /* Authentification */,
				2965C35429659EC00061AEA1 /* Notifications */,
				2965C35329659EBE0061AEA1 /* Search */,
				2965C35229659EBC0061AEA1 /* Comments */,
				2965C35129659EB90061AEA1 /* Feed */,
				2965C35029659EB70061AEA1 /* Profile */,
				2965C34F29659EB50061AEA1 /* UploadPost */,
			);
			path = View;
			sourceTree = "<group>";
		};
		2965C34D29659DDB0061AEA1 /* Model */ = {
			isa = PBXGroup;
			children = (
				298023A029B0F9E900DC0611 /* User.swift */,
				298B00B329B7191D00B84F84 /* Post.swift */,
				298B00BB29B74D4D00B84F84 /* Comment.swift */,
				298A4DDC29B7915B009E455D /* Notification.swift */,
			);
			path = Model;
			sourceTree = "<group>";
		};
		2965C34E29659E5E0061AEA1 /* Main */ = {
			isa = PBXGroup;
			children = (
				2965C33D29659D060061AEA1 /* ContentView.swift */,
				2965C35B2965A0670061AEA1 /* MainTabView.swift */,
			);
			path = Main;
			sourceTree = "<group>";
		};
		2965C34F29659EB50061AEA1 /* UploadPost */ = {
			isa = PBXGroup;
			children = (
				2965C3662965A0FE0061AEA1 /* UploadPostView.swift */,
			);
			path = UploadPost;
			sourceTree = "<group>";
		};
		2965C35029659EB70061AEA1 /* Profile */ = {
			isa = PBXGroup;
			children = (
				2965C3632965A0D30061AEA1 /* ProfileView.swift */,
				29BC5737297BD6E600E110B5 /* ProfileHeaderView.swift */,
				29BC5739297BDDDC00E110B5 /* UserStatView.swift */,
				29BC573B297BE57C00E110B5 /* ProfileActionButtonView.swift */,
			);
			path = Profile;
			sourceTree = "<group>";
		};
		2965C35129659EB90061AEA1 /* Feed */ = {
			isa = PBXGroup;
			children = (
				2965C35D2965A0710061AEA1 /* FeedView.swift */,
				2965C3682965A68F0061AEA1 /* FeedCell.swift */,
			);
			path = Feed;
			sourceTree = "<group>";
		};
		2965C35229659EBC0061AEA1 /* Comments */ = {
			isa = PBXGroup;
			children = (
				298B00BD29B74D6700B84F84 /* CommentsView.swift */,
				298B00BF29B74D7300B84F84 /* CommentCell.swift */,
			);
			path = Comments;
			sourceTree = "<group>";
		};
		2965C35329659EBE0061AEA1 /* Search */ = {
			isa = PBXGroup;
			children = (
				2965C35F2965A0A30061AEA1 /* SearchView.swift */,
				29B38365297ADFB30012FA5F /* SearchBar.swift */,
			);
			path = Search;
			sourceTree = "<group>";
		};
		2965C35429659EC00061AEA1 /* Notifications */ = {
			isa = PBXGroup;
			children = (
				2965C3612965A0BD0061AEA1 /* NotificationsView.swift */,
				29BC5735297BD0D800E110B5 /* NotificationCell.swift */,
			);
			path = Notifications;
			sourceTree = "<group>";
		};
		2965C35529659EC20061AEA1 /* Authentification */ = {
			isa = PBXGroup;
			children = (
				2977720E299F687F00A6802B /* LoginView.swift */,
				29777210299F689000A6802B /* RegistrationView.swift */,
				29777212299F689F00A6802B /* ResetPasswordView.swift */,
			);
			path = Authentification;
			sourceTree = "<group>";
		};
		2965C35629659F060061AEA1 /* IItems */ = {
			isa = PBXGroup;
			children = (
				29B38367297AE3A20012FA5F /* PostGridView.swift */,
				29B38369297AE6960012FA5F /* UserCell.swift */,
				29B3836B297AE6AA0012FA5F /* UserListView.swift */,
				298A4DD829B76F4A009E455D /* CustomInputView.swift */,
			);
			path = IItems;
			sourceTree = "<group>";
		};
		2965C35729659F690061AEA1 /* Feed */ = {
			isa = PBXGroup;
			children = (
				298B00B529B719DD00B84F84 /* FeedViewModel.swift */,
				298B00B929B7312400B84F84 /* FeedCellViewModel.swift */,
			);
			path = Feed;
			sourceTree = "<group>";
		};
		2965C35829659F710061AEA1 /* Notifications */ = {
			isa = PBXGroup;
			children = (
			);
			path = Notifications;
			sourceTree = "<group>";
		};
		2965C35929659F790061AEA1 /* Authentification */ = {
			isa = PBXGroup;
			children = (
				29777228299FBBAC00A6802B /* AuthViewModel.swift */,
			);
			path = Authentification;
			sourceTree = "<group>";
		};
		2965C35A29659F840061AEA1 /* Profile */ = {
			isa = PBXGroup;
			children = (
				298D875A29B337F1003D1D53 /* ProfileViewModel.swift */,
			);
			path = Profile;
			sourceTree = "<group>";
		};
/* End PBXGroup section */

/* Begin PBXNativeTarget section */
		2965C33729659D060061AEA1 /* InstagramCloneSwiftUI */ = {
			isa = PBXNativeTarget;
			buildConfigurationList = 2965C34629659D070061AEA1 /* Build configuration list for PBXNativeTarget "InstagramCloneSwiftUI" */;
			buildPhases = (
				2965C33429659D060061AEA1 /* Sources */,
				2965C33529659D060061AEA1 /* Frameworks */,
				2965C33629659D060061AEA1 /* Resources */,
			);
			buildRules = (
			);
			dependencies = (
			);
			name = InstagramCloneSwiftUI;
			packageProductDependencies = (
				29777224299F909E00A6802B /* Kingfisher */,
				298023A329B0FD2700DC0611 /* FirebaseAuth */,
				298023A529B0FD2700DC0611 /* FirebaseFirestore */,
				298023A729B0FD2700DC0611 /* FirebaseFirestoreSwift */,
				298023A929B0FD2700DC0611 /* FirebaseFunctions */,
				298023AB29B0FD2700DC0611 /* FirebaseMessaging */,
				298023AD29B0FD2700DC0611 /* FirebaseStorage */,
			);
			productName = InstagramCloneSwiftUI;
			productReference = 2965C33829659D060061AEA1 /* InstagramCloneSwiftUI.app */;
			productType = "com.apple.product-type.application";
		};
/* End PBXNativeTarget section */

/* Begin PBXProject section */
		2965C33029659D060061AEA1 /* Project object */ = {
			isa = PBXProject;
			attributes = {
				BuildIndependentTargetsInParallel = 1;
				LastSwiftUpdateCheck = 1420;
				LastUpgradeCheck = 1420;
				TargetAttributes = {
					2965C33729659D060061AEA1 = {
						CreatedOnToolsVersion = 14.2;
					};
				};
			};
			buildConfigurationList = 2965C33329659D060061AEA1 /* Build configuration list for PBXProject "InstagramCloneSwiftUI" */;
			compatibilityVersion = "Xcode 14.0";
			developmentRegion = en;
			hasScannedForEncodings = 0;
			knownRegions = (
				en,
				Base,
			);
			mainGroup = 2965C32F29659D060061AEA1;
			packageReferences = (
				29777223299F909E00A6802B /* XCRemoteSwiftPackageReference "Kingfisher" */,
				298023A229B0FD2700DC0611 /* XCRemoteSwiftPackageReference "firebase-ios-sdk" */,
			);
			productRefGroup = 2965C33929659D060061AEA1 /* Products */;
			projectDirPath = "";
			projectRoot = "";
			targets = (
				2965C33729659D060061AEA1 /* InstagramCloneSwiftUI */,
			);
		};
/* End PBXProject section */

/* Begin PBXResourcesBuildPhase section */
		2965C33629659D060061AEA1 /* Resources */ = {
			isa = PBXResourcesBuildPhase;
			buildActionMask = 2147483647;
			files = (
				2965C34329659D070061AEA1 /* Preview Assets.xcassets in Resources */,
				2965C34029659D070061AEA1 /* Assets.xcassets in Resources */,
				29777227299F918C00A6802B /* GoogleService-Info.plist in Resources */,
			);
			runOnlyForDeploymentPostprocessing = 0;
		};
/* End PBXResourcesBuildPhase section */

/* Begin PBXSourcesBuildPhase section */
		2965C33429659D060061AEA1 /* Sources */ = {
			isa = PBXSourcesBuildPhase;
			buildActionMask = 2147483647;
			files = (
				298B00B629B719DD00B84F84 /* FeedViewModel.swift in Sources */,
				2965C3602965A0A30061AEA1 /* SearchView.swift in Sources */,
				2965C35E2965A0710061AEA1 /* FeedView.swift in Sources */,
				29B38368297AE3A20012FA5F /* PostGridView.swift in Sources */,
				29777211299F689000A6802B /* RegistrationView.swift in Sources */,
				2965C33E29659D060061AEA1 /* ContentView.swift in Sources */,
				2965C33C29659D060061AEA1 /* InstagramCloneSwiftUIApp.swift in Sources */,
				2965C35C2965A0670061AEA1 /* MainTabView.swift in Sources */,
				29777213299F689F00A6802B /* ResetPasswordView.swift in Sources */,
				29F0534E29A0B73D009DE640 /* ImageUploaderAPI.swift in Sources */,
				298B00B829B725FE00B84F84 /* PostGridViewModel.swift in Sources */,
				2965C3672965A0FE0061AEA1 /* UploadPostView.swift in Sources */,
				29FAF30B2985720600774B0C /* ImagePicker.swift in Sources */,
				29E7A17D29B6304C00439B25 /* UploadPostViewModel.swift in Sources */,
				29BC5738297BD6E600E110B5 /* ProfileHeaderView.swift in Sources */,
				298B00C229B74D8500B84F84 /* CommentViewModel.swift in Sources */,
				298B00C029B74D7300B84F84 /* CommentCell.swift in Sources */,
				2965C3642965A0D30061AEA1 /* ProfileView.swift in Sources */,
				29E7A17B29B5EE4900439B25 /* UserService.swift in Sources */,
				29BC573A297BDDDC00E110B5 /* UserStatView.swift in Sources */,
				298A4DD929B76F4A009E455D /* CustomInputView.swift in Sources */,
				29B3836A297AE6960012FA5F /* UserCell.swift in Sources */,
				29B38366297ADFB30012FA5F /* SearchBar.swift in Sources */,
				2965C3622965A0BD0061AEA1 /* NotificationsView.swift in Sources */,
				29777217299F709F00A6802B /* CustomSecureField.swift in Sources */,
				299EB35329B1ECFF0075CA6C /* SearchViewModel.swift in Sources */,
				298B00BE29B74D6700B84F84 /* CommentsView.swift in Sources */,
				298B00BA29B7312400B84F84 /* FeedCellViewModel.swift in Sources */,
				298B00B429B7191D00B84F84 /* Post.swift in Sources */,
				2965C3692965A68F0061AEA1 /* FeedCell.swift in Sources */,
				29BC573C297BE57C00E110B5 /* ProfileActionButtonView.swift in Sources */,
				298023A129B0F9E900DC0611 /* User.swift in Sources */,
				29B3836C297AE6AA0012FA5F /* UserListView.swift in Sources */,
				29777229299FBBAC00A6802B /* AuthViewModel.swift in Sources */,
				298B00B229B7105A00B84F84 /* TextAreaView.swift in Sources */,
				298D875B29B337F1003D1D53 /* ProfileViewModel.swift in Sources */,
				29BC5736297BD0D800E110B5 /* NotificationCell.swift in Sources */,
				2977720F299F687F00A6802B /* LoginView.swift in Sources */,
				29777215299F708700A6802B /* CustomTextfield.swift in Sources */,
				298A4DDD29B7915B009E455D /* Notification.swift in Sources */,
				298B00BC29B74D4D00B84F84 /* Comment.swift in Sources */,
				29B3836E297AF0B40012FA5F /* Extensions.swift in Sources */,
				2980239F29B0F75700DC0611 /* Constants.swift in Sources */,
			);
			runOnlyForDeploymentPostprocessing = 0;
		};
/* End PBXSourcesBuildPhase section */

/* Begin XCBuildConfiguration section */
		2965C34429659D070061AEA1 /* Debug */ = {
			isa = XCBuildConfiguration;
			buildSettings = {
				ALWAYS_SEARCH_USER_PATHS = NO;
				CLANG_ANALYZER_NONNULL = YES;
				CLANG_ANALYZER_NUMBER_OBJECT_CONVERSION = YES_AGGRESSIVE;
				CLANG_CXX_LANGUAGE_STANDARD = "gnu++20";
				CLANG_ENABLE_MODULES = YES;
				CLANG_ENABLE_OBJC_ARC = YES;
				CLANG_ENABLE_OBJC_WEAK = YES;
				CLANG_WARN_BLOCK_CAPTURE_AUTORELEASING = YES;
				CLANG_WARN_BOOL_CONVERSION = YES;
				CLANG_WARN_COMMA = YES;
				CLANG_WARN_CONSTANT_CONVERSION = YES;
				CLANG_WARN_DEPRECATED_OBJC_IMPLEMENTATIONS = YES;
				CLANG_WARN_DIRECT_OBJC_ISA_USAGE = YES_ERROR;
				CLANG_WARN_DOCUMENTATION_COMMENTS = YES;
				CLANG_WARN_EMPTY_BODY = YES;
				CLANG_WARN_ENUM_CONVERSION = YES;
				CLANG_WARN_INFINITE_RECURSION = YES;
				CLANG_WARN_INT_CONVERSION = YES;
				CLANG_WARN_NON_LITERAL_NULL_CONVERSION = YES;
				CLANG_WARN_OBJC_IMPLICIT_RETAIN_SELF = YES;
				CLANG_WARN_OBJC_LITERAL_CONVERSION = YES;
				CLANG_WARN_OBJC_ROOT_CLASS = YES_ERROR;
				CLANG_WARN_QUOTED_INCLUDE_IN_FRAMEWORK_HEADER = YES;
				CLANG_WARN_RANGE_LOOP_ANALYSIS = YES;
				CLANG_WARN_STRICT_PROTOTYPES = YES;
				CLANG_WARN_SUSPICIOUS_MOVE = YES;
				CLANG_WARN_UNGUARDED_AVAILABILITY = YES_AGGRESSIVE;
				CLANG_WARN_UNREACHABLE_CODE = YES;
				CLANG_WARN__DUPLICATE_METHOD_MATCH = YES;
				COPY_PHASE_STRIP = NO;
				DEBUG_INFORMATION_FORMAT = dwarf;
				ENABLE_STRICT_OBJC_MSGSEND = YES;
				ENABLE_TESTABILITY = YES;
				GCC_C_LANGUAGE_STANDARD = gnu11;
				GCC_DYNAMIC_NO_PIC = NO;
				GCC_NO_COMMON_BLOCKS = YES;
				GCC_OPTIMIZATION_LEVEL = 0;
				GCC_PREPROCESSOR_DEFINITIONS = (
					"DEBUG=1",
					"$(inherited)",
				);
				GCC_WARN_64_TO_32_BIT_CONVERSION = YES;
				GCC_WARN_ABOUT_RETURN_TYPE = YES_ERROR;
				GCC_WARN_UNDECLARED_SELECTOR = YES;
				GCC_WARN_UNINITIALIZED_AUTOS = YES_AGGRESSIVE;
				GCC_WARN_UNUSED_FUNCTION = YES;
				GCC_WARN_UNUSED_VARIABLE = YES;
				IPHONEOS_DEPLOYMENT_TARGET = 16.2;
				MTL_ENABLE_DEBUG_INFO = INCLUDE_SOURCE;
				MTL_FAST_MATH = YES;
				ONLY_ACTIVE_ARCH = YES;
				SDKROOT = iphoneos;
				SWIFT_ACTIVE_COMPILATION_CONDITIONS = DEBUG;
				SWIFT_OPTIMIZATION_LEVEL = "-Onone";
			};
			name = Debug;
		};
		2965C34529659D070061AEA1 /* Release */ = {
			isa = XCBuildConfiguration;
			buildSettings = {
				ALWAYS_SEARCH_USER_PATHS = NO;
				CLANG_ANALYZER_NONNULL = YES;
				CLANG_ANALYZER_NUMBER_OBJECT_CONVERSION = YES_AGGRESSIVE;
				CLANG_CXX_LANGUAGE_STANDARD = "gnu++20";
				CLANG_ENABLE_MODULES = YES;
				CLANG_ENABLE_OBJC_ARC = YES;
				CLANG_ENABLE_OBJC_WEAK = YES;
				CLANG_WARN_BLOCK_CAPTURE_AUTORELEASING = YES;
				CLANG_WARN_BOOL_CONVERSION = YES;
				CLANG_WARN_COMMA = YES;
				CLANG_WARN_CONSTANT_CONVERSION = YES;
				CLANG_WARN_DEPRECATED_OBJC_IMPLEMENTATIONS = YES;
				CLANG_WARN_DIRECT_OBJC_ISA_USAGE = YES_ERROR;
				CLANG_WARN_DOCUMENTATION_COMMENTS = YES;
				CLANG_WARN_EMPTY_BODY = YES;
				CLANG_WARN_ENUM_CONVERSION = YES;
				CLANG_WARN_INFINITE_RECURSION = YES;
				CLANG_WARN_INT_CONVERSION = YES;
				CLANG_WARN_NON_LITERAL_NULL_CONVERSION = YES;
				CLANG_WARN_OBJC_IMPLICIT_RETAIN_SELF = YES;
				CLANG_WARN_OBJC_LITERAL_CONVERSION = YES;
				CLANG_WARN_OBJC_ROOT_CLASS = YES_ERROR;
				CLANG_WARN_QUOTED_INCLUDE_IN_FRAMEWORK_HEADER = YES;
				CLANG_WARN_RANGE_LOOP_ANALYSIS = YES;
				CLANG_WARN_STRICT_PROTOTYPES = YES;
				CLANG_WARN_SUSPICIOUS_MOVE = YES;
				CLANG_WARN_UNGUARDED_AVAILABILITY = YES_AGGRESSIVE;
				CLANG_WARN_UNREACHABLE_CODE = YES;
				CLANG_WARN__DUPLICATE_METHOD_MATCH = YES;
				COPY_PHASE_STRIP = NO;
				DEBUG_INFORMATION_FORMAT = "dwarf-with-dsym";
				ENABLE_NS_ASSERTIONS = NO;
				ENABLE_STRICT_OBJC_MSGSEND = YES;
				GCC_C_LANGUAGE_STANDARD = gnu11;
				GCC_NO_COMMON_BLOCKS = YES;
				GCC_WARN_64_TO_32_BIT_CONVERSION = YES;
				GCC_WARN_ABOUT_RETURN_TYPE = YES_ERROR;
				GCC_WARN_UNDECLARED_SELECTOR = YES;
				GCC_WARN_UNINITIALIZED_AUTOS = YES_AGGRESSIVE;
				GCC_WARN_UNUSED_FUNCTION = YES;
				GCC_WARN_UNUSED_VARIABLE = YES;
				IPHONEOS_DEPLOYMENT_TARGET = 16.2;
				MTL_ENABLE_DEBUG_INFO = NO;
				MTL_FAST_MATH = YES;
				SDKROOT = iphoneos;
				SWIFT_COMPILATION_MODE = wholemodule;
				SWIFT_OPTIMIZATION_LEVEL = "-O";
				VALIDATE_PRODUCT = YES;
			};
			name = Release;
		};
		2965C34729659D070061AEA1 /* Debug */ = {
			isa = XCBuildConfiguration;
			buildSettings = {
				ASSETCATALOG_COMPILER_APPICON_NAME = AppIcon;
				ASSETCATALOG_COMPILER_GLOBAL_ACCENT_COLOR_NAME = AccentColor;
				CODE_SIGN_STYLE = Automatic;
				CURRENT_PROJECT_VERSION = 1;
				DEVELOPMENT_ASSET_PATHS = "\"InstagramCloneSwiftUI/Preview Content\"";
				DEVELOPMENT_TEAM = 46J936NABV;
				ENABLE_PREVIEWS = YES;
				GENERATE_INFOPLIST_FILE = YES;
				INFOPLIST_KEY_UIApplicationSceneManifest_Generation = YES;
				INFOPLIST_KEY_UIApplicationSupportsIndirectInputEvents = YES;
				INFOPLIST_KEY_UILaunchScreen_Generation = YES;
				INFOPLIST_KEY_UISupportedInterfaceOrientations_iPad = "UIInterfaceOrientationPortrait UIInterfaceOrientationPortraitUpsideDown UIInterfaceOrientationLandscapeLeft UIInterfaceOrientationLandscapeRight";
				INFOPLIST_KEY_UISupportedInterfaceOrientations_iPhone = "UIInterfaceOrientationPortrait UIInterfaceOrientationLandscapeLeft UIInterfaceOrientationLandscapeRight";
				LD_RUNPATH_SEARCH_PATHS = (
					"$(inherited)",
					"@executable_path/Frameworks",
				);
				MARKETING_VERSION = 1.0;
				PRODUCT_BUNDLE_IDENTIFIER = "com.Je-re-my-Perez.InstagramCloneSwiftUI";
				PRODUCT_NAME = "$(TARGET_NAME)";
				SWIFT_EMIT_LOC_STRINGS = YES;
				SWIFT_VERSION = 5.0;
				TARGETED_DEVICE_FAMILY = "1,2";
			};
			name = Debug;
		};
		2965C34829659D070061AEA1 /* Release */ = {
			isa = XCBuildConfiguration;
			buildSettings = {
				ASSETCATALOG_COMPILER_APPICON_NAME = AppIcon;
				ASSETCATALOG_COMPILER_GLOBAL_ACCENT_COLOR_NAME = AccentColor;
				CODE_SIGN_STYLE = Automatic;
				CURRENT_PROJECT_VERSION = 1;
				DEVELOPMENT_ASSET_PATHS = "\"InstagramCloneSwiftUI/Preview Content\"";
				DEVELOPMENT_TEAM = 46J936NABV;
				ENABLE_PREVIEWS = YES;
				GENERATE_INFOPLIST_FILE = YES;
				INFOPLIST_KEY_UIApplicationSceneManifest_Generation = YES;
				INFOPLIST_KEY_UIApplicationSupportsIndirectInputEvents = YES;
				INFOPLIST_KEY_UILaunchScreen_Generation = YES;
				INFOPLIST_KEY_UISupportedInterfaceOrientations_iPad = "UIInterfaceOrientationPortrait UIInterfaceOrientationPortraitUpsideDown UIInterfaceOrientationLandscapeLeft UIInterfaceOrientationLandscapeRight";
				INFOPLIST_KEY_UISupportedInterfaceOrientations_iPhone = "UIInterfaceOrientationPortrait UIInterfaceOrientationLandscapeLeft UIInterfaceOrientationLandscapeRight";
				LD_RUNPATH_SEARCH_PATHS = (
					"$(inherited)",
					"@executable_path/Frameworks",
				);
				MARKETING_VERSION = 1.0;
				PRODUCT_BUNDLE_IDENTIFIER = "com.Je-re-my-Perez.InstagramCloneSwiftUI";
				PRODUCT_NAME = "$(TARGET_NAME)";
				SWIFT_EMIT_LOC_STRINGS = YES;
				SWIFT_VERSION = 5.0;
				TARGETED_DEVICE_FAMILY = "1,2";
			};
			name = Release;
		};
/* End XCBuildConfiguration section */

/* Begin XCConfigurationList section */
		2965C33329659D060061AEA1 /* Build configuration list for PBXProject "InstagramCloneSwiftUI" */ = {
			isa = XCConfigurationList;
			buildConfigurations = (
				2965C34429659D070061AEA1 /* Debug */,
				2965C34529659D070061AEA1 /* Release */,
			);
			defaultConfigurationIsVisible = 0;
			defaultConfigurationName = Release;
		};
		2965C34629659D070061AEA1 /* Build configuration list for PBXNativeTarget "InstagramCloneSwiftUI" */ = {
			isa = XCConfigurationList;
			buildConfigurations = (
				2965C34729659D070061AEA1 /* Debug */,
				2965C34829659D070061AEA1 /* Release */,
			);
			defaultConfigurationIsVisible = 0;
			defaultConfigurationName = Release;
		};
/* End XCConfigurationList section */

/* Begin XCRemoteSwiftPackageReference section */
		29777223299F909E00A6802B /* XCRemoteSwiftPackageReference "Kingfisher" */ = {
			isa = XCRemoteSwiftPackageReference;
			repositoryURL = "https://github.com/onevcat/Kingfisher.git";
			requirement = {
				branch = master;
				kind = branch;
			};
		};
		298023A229B0FD2700DC0611 /* XCRemoteSwiftPackageReference "firebase-ios-sdk" */ = {
			isa = XCRemoteSwiftPackageReference;
			repositoryURL = "https://github.com/firebase/firebase-ios-sdk.git";
			requirement = {
				kind = upToNextMajorVersion;
				minimumVersion = 9.0.0;
			};
		};
/* End XCRemoteSwiftPackageReference section */

/* Begin XCSwiftPackageProductDependency section */
		29777224299F909E00A6802B /* Kingfisher */ = {
			isa = XCSwiftPackageProductDependency;
			package = 29777223299F909E00A6802B /* XCRemoteSwiftPackageReference "Kingfisher" */;
			productName = Kingfisher;
		};
		298023A329B0FD2700DC0611 /* FirebaseAuth */ = {
			isa = XCSwiftPackageProductDependency;
			package = 298023A229B0FD2700DC0611 /* XCRemoteSwiftPackageReference "firebase-ios-sdk" */;
			productName = FirebaseAuth;
		};
		298023A529B0FD2700DC0611 /* FirebaseFirestore */ = {
			isa = XCSwiftPackageProductDependency;
			package = 298023A229B0FD2700DC0611 /* XCRemoteSwiftPackageReference "firebase-ios-sdk" */;
			productName = FirebaseFirestore;
		};
		298023A729B0FD2700DC0611 /* FirebaseFirestoreSwift */ = {
			isa = XCSwiftPackageProductDependency;
			package = 298023A229B0FD2700DC0611 /* XCRemoteSwiftPackageReference "firebase-ios-sdk" */;
			productName = FirebaseFirestoreSwift;
		};
		298023A929B0FD2700DC0611 /* FirebaseFunctions */ = {
			isa = XCSwiftPackageProductDependency;
			package = 298023A229B0FD2700DC0611 /* XCRemoteSwiftPackageReference "firebase-ios-sdk" */;
			productName = FirebaseFunctions;
		};
		298023AB29B0FD2700DC0611 /* FirebaseMessaging */ = {
			isa = XCSwiftPackageProductDependency;
			package = 298023A229B0FD2700DC0611 /* XCRemoteSwiftPackageReference "firebase-ios-sdk" */;
			productName = FirebaseMessaging;
		};
		298023AD29B0FD2700DC0611 /* FirebaseStorage */ = {
			isa = XCSwiftPackageProductDependency;
			package = 298023A229B0FD2700DC0611 /* XCRemoteSwiftPackageReference "firebase-ios-sdk" */;
			productName = FirebaseStorage;
		};
/* End XCSwiftPackageProductDependency section */
	};
	rootObject = 2965C33029659D060061AEA1 /* Project object */;
}
